// !$*UTF8*$!
{
	archiveVersion = 1;
	classes = {
	};
	objectVersion = 46;
	objects = {

/* Begin PBXBuildFile section */
		3F0D21CFC8A18522772E9F37 /* libPods-AXLaunchScreenKit.a in Frameworks */ = {isa = PBXBuildFile; fileRef = 0364165FD68C26756C2B35FB /* libPods-AXLaunchScreenKit.a */; };
		DC76B3FD1E97256400D0F3A7 /* main.m in Sources */ = {isa = PBXBuildFile; fileRef = DC76B3FC1E97256400D0F3A7 /* main.m */; };
		DC76B4001E97256400D0F3A7 /* AppDelegate.m in Sources */ = {isa = PBXBuildFile; fileRef = DC76B3FF1E97256400D0F3A7 /* AppDelegate.m */; };
		DC76B4031E97256400D0F3A7 /* ViewController.m in Sources */ = {isa = PBXBuildFile; fileRef = DC76B4021E97256400D0F3A7 /* ViewController.m */; };
		DC76B4061E97256400D0F3A7 /* Main.storyboard in Resources */ = {isa = PBXBuildFile; fileRef = DC76B4041E97256400D0F3A7 /* Main.storyboard */; };
		DC76B4081E97256400D0F3A7 /* Assets.xcassets in Resources */ = {isa = PBXBuildFile; fileRef = DC76B4071E97256400D0F3A7 /* Assets.xcassets */; };
		DC76B40B1E97256400D0F3A7 /* LaunchScreen.storyboard in Resources */ = {isa = PBXBuildFile; fileRef = DC76B4091E97256400D0F3A7 /* LaunchScreen.storyboard */; };
		DC76B4161E97256500D0F3A7 /* AXLaunchScreenKitTests.m in Sources */ = {isa = PBXBuildFile; fileRef = DC76B4151E97256500D0F3A7 /* AXLaunchScreenKitTests.m */; };
		DC76B4211E97256500D0F3A7 /* AXLaunchScreenKitUITests.m in Sources */ = {isa = PBXBuildFile; fileRef = DC76B4201E97256500D0F3A7 /* AXLaunchScreenKitUITests.m */; };
		DC76B4311E97259700D0F3A7 /* AXLaunchScreenViewController.m in Sources */ = {isa = PBXBuildFile; fileRef = DC76B4301E97259700D0F3A7 /* AXLaunchScreenViewController.m */; };
/* End PBXBuildFile section */

/* Begin PBXContainerItemProxy section */
		DC76B4121E97256500D0F3A7 /* PBXContainerItemProxy */ = {
			isa = PBXContainerItemProxy;
			containerPortal = DC76B3F01E97256400D0F3A7 /* Project object */;
			proxyType = 1;
			remoteGlobalIDString = DC76B3F71E97256400D0F3A7;
			remoteInfo = AXLaunchScreenKit;
		};
		DC76B41D1E97256500D0F3A7 /* PBXContainerItemProxy */ = {
			isa = PBXContainerItemProxy;
			containerPortal = DC76B3F01E97256400D0F3A7 /* Project object */;
			proxyType = 1;
			remoteGlobalIDString = DC76B3F71E97256400D0F3A7;
			remoteInfo = AXLaunchScreenKit;
		};
/* End PBXContainerItemProxy section */

/* Begin PBXFileReference section */
		0364165FD68C26756C2B35FB /* libPods-AXLaunchScreenKit.a */ = {isa = PBXFileReference; explicitFileType = archive.ar; includeInIndex = 0; path = "libPods-AXLaunchScreenKit.a"; sourceTree = BUILT_PRODUCTS_DIR; };
		59D3FF190A03B3E1655C9A93 /* Pods-AXLaunchScreenKit.release.xcconfig */ = {isa = PBXFileReference; includeInIndex = 1; lastKnownFileType = text.xcconfig; name = "Pods-AXLaunchScreenKit.release.xcconfig"; path = "Pods/Target Support Files/Pods-AXLaunchScreenKit/Pods-AXLaunchScreenKit.release.xcconfig"; sourceTree = "<group>"; };
		7A1FD10CD5F7583194C35B99 /* Pods-AXLaunchScreenKit.debug.xcconfig */ = {isa = PBXFileReference; includeInIndex = 1; lastKnownFileType = text.xcconfig; name = "Pods-AXLaunchScreenKit.debug.xcconfig"; path = "Pods/Target Support Files/Pods-AXLaunchScreenKit/Pods-AXLaunchScreenKit.debug.xcconfig"; sourceTree = "<group>"; };
		DC76B3F81E97256400D0F3A7 /* AXLaunchScreenKit.app */ = {isa = PBXFileReference; explicitFileType = wrapper.application; includeInIndex = 0; path = AXLaunchScreenKit.app; sourceTree = BUILT_PRODUCTS_DIR; };
		DC76B3FC1E97256400D0F3A7 /* main.m */ = {isa = PBXFileReference; lastKnownFileType = sourcecode.c.objc; path = main.m; sourceTree = "<group>"; };
		DC76B3FE1E97256400D0F3A7 /* AppDelegate.h */ = {isa = PBXFileReference; lastKnownFileType = sourcecode.c.h; path = AppDelegate.h; sourceTree = "<group>"; };
		DC76B3FF1E97256400D0F3A7 /* AppDelegate.m */ = {isa = PBXFileReference; lastKnownFileType = sourcecode.c.objc; path = AppDelegate.m; sourceTree = "<group>"; };
		DC76B4011E97256400D0F3A7 /* ViewController.h */ = {isa = PBXFileReference; lastKnownFileType = sourcecode.c.h; path = ViewController.h; sourceTree = "<group>"; };
		DC76B4021E97256400D0F3A7 /* ViewController.m */ = {isa = PBXFileReference; lastKnownFileType = sourcecode.c.objc; path = ViewController.m; sourceTree = "<group>"; };
		DC76B4051E97256400D0F3A7 /* Base */ = {isa = PBXFileReference; lastKnownFileType = file.storyboard; name = Base; path = Base.lproj/Main.storyboard; sourceTree = "<group>"; };
		DC76B4071E97256400D0F3A7 /* Assets.xcassets */ = {isa = PBXFileReference; lastKnownFileType = folder.assetcatalog; path = Assets.xcassets; sourceTree = "<group>"; };
		DC76B40A1E97256400D0F3A7 /* Base */ = {isa = PBXFileReference; lastKnownFileType = file.storyboard; name = Base; path = Base.lproj/LaunchScreen.storyboard; sourceTree = "<group>"; };
		DC76B40C1E97256400D0F3A7 /* Info.plist */ = {isa = PBXFileReference; lastKnownFileType = text.plist.xml; path = Info.plist; sourceTree = "<group>"; };
		DC76B4111E97256500D0F3A7 /* AXLaunchScreenKitTests.xctest */ = {isa = PBXFileReference; explicitFileType = wrapper.cfbundle; includeInIndex = 0; path = AXLaunchScreenKitTests.xctest; sourceTree = BUILT_PRODUCTS_DIR; };
		DC76B4151E97256500D0F3A7 /* AXLaunchScreenKitTests.m */ = {isa = PBXFileReference; lastKnownFileType = sourcecode.c.objc; path = AXLaunchScreenKitTests.m; sourceTree = "<group>"; };
		DC76B4171E97256500D0F3A7 /* Info.plist */ = {isa = PBXFileReference; lastKnownFileType = text.plist.xml; path = Info.plist; sourceTree = "<group>"; };
		DC76B41C1E97256500D0F3A7 /* AXLaunchScreenKitUITests.xctest */ = {isa = PBXFileReference; explicitFileType = wrapper.cfbundle; includeInIndex = 0; path = AXLaunchScreenKitUITests.xctest; sourceTree = BUILT_PRODUCTS_DIR; };
		DC76B4201E97256500D0F3A7 /* AXLaunchScreenKitUITests.m */ = {isa = PBXFileReference; lastKnownFileType = sourcecode.c.objc; path = AXLaunchScreenKitUITests.m; sourceTree = "<group>"; };
		DC76B4221E97256500D0F3A7 /* Info.plist */ = {isa = PBXFileReference; lastKnownFileType = text.plist.xml; path = Info.plist; sourceTree = "<group>"; };
		DC76B42F1E97259700D0F3A7 /* AXLaunchScreenViewController.h */ = {isa = PBXFileReference; fileEncoding = 4; lastKnownFileType = sourcecode.c.h; path = AXLaunchScreenViewController.h; sourceTree = "<group>"; };
		DC76B4301E97259700D0F3A7 /* AXLaunchScreenViewController.m */ = {isa = PBXFileReference; fileEncoding = 4; lastKnownFileType = sourcecode.c.objc; path = AXLaunchScreenViewController.m; sourceTree = "<group>"; };
/* End PBXFileReference section */

/* Begin PBXFrameworksBuildPhase section */
		DC76B3F51E97256400D0F3A7 /* Frameworks */ = {
			isa = PBXFrameworksBuildPhase;
			buildActionMask = 2147483647;
			files = (
				3F0D21CFC8A18522772E9F37 /* libPods-AXLaunchScreenKit.a in Frameworks */,
			);
			runOnlyForDeploymentPostprocessing = 0;
		};
		DC76B40E1E97256500D0F3A7 /* Frameworks */ = {
			isa = PBXFrameworksBuildPhase;
			buildActionMask = 2147483647;
			files = (
			);
			runOnlyForDeploymentPostprocessing = 0;
		};
		DC76B4191E97256500D0F3A7 /* Frameworks */ = {
			isa = PBXFrameworksBuildPhase;
			buildActionMask = 2147483647;
			files = (
			);
			runOnlyForDeploymentPostprocessing = 0;
		};
/* End PBXFrameworksBuildPhase section */

/* Begin PBXGroup section */
		5C5B034E4E0866A5EB83CEC0 /* Pods */ = {
			isa = PBXGroup;
			children = (
				7A1FD10CD5F7583194C35B99 /* Pods-AXLaunchScreenKit.debug.xcconfig */,
				59D3FF190A03B3E1655C9A93 /* Pods-AXLaunchScreenKit.release.xcconfig */,
			);
			name = Pods;
			sourceTree = "<group>";
		};
		AF199EAA669452D8390D780B /* Frameworks */ = {
			isa = PBXGroup;
			children = (
				0364165FD68C26756C2B35FB /* libPods-AXLaunchScreenKit.a */,
			);
			name = Frameworks;
			sourceTree = "<group>";
		};
		DC76B3EF1E97256400D0F3A7 = {
			isa = PBXGroup;
			children = (
				DC76B3FA1E97256400D0F3A7 /* AXLaunchScreenKit */,
				DC76B4141E97256500D0F3A7 /* AXLaunchScreenKitTests */,
				DC76B41F1E97256500D0F3A7 /* AXLaunchScreenKitUITests */,
				DC76B3F91E97256400D0F3A7 /* Products */,
				5C5B034E4E0866A5EB83CEC0 /* Pods */,
				AF199EAA669452D8390D780B /* Frameworks */,
			);
			sourceTree = "<group>";
		};
		DC76B3F91E97256400D0F3A7 /* Products */ = {
			isa = PBXGroup;
			children = (
				DC76B3F81E97256400D0F3A7 /* AXLaunchScreenKit.app */,
				DC76B4111E97256500D0F3A7 /* AXLaunchScreenKitTests.xctest */,
				DC76B41C1E97256500D0F3A7 /* AXLaunchScreenKitUITests.xctest */,
			);
			name = Products;
			sourceTree = "<group>";
		};
		DC76B3FA1E97256400D0F3A7 /* AXLaunchScreenKit */ = {
			isa = PBXGroup;
			children = (
				DC76B3FE1E97256400D0F3A7 /* AppDelegate.h */,
				DC76B3FF1E97256400D0F3A7 /* AppDelegate.m */,
				DC76B4011E97256400D0F3A7 /* ViewController.h */,
				DC76B4021E97256400D0F3A7 /* ViewController.m */,
				DC76B4041E97256400D0F3A7 /* Main.storyboard */,
				DC76B42E1E97259700D0F3A7 /* Classes */,
				DC76B4071E97256400D0F3A7 /* Assets.xcassets */,
				DC76B4091E97256400D0F3A7 /* LaunchScreen.storyboard */,
				DC76B40C1E97256400D0F3A7 /* Info.plist */,
				DC76B3FB1E97256400D0F3A7 /* Supporting Files */,
			);
			path = AXLaunchScreenKit;
			sourceTree = "<group>";
		};
		DC76B3FB1E97256400D0F3A7 /* Supporting Files */ = {
			isa = PBXGroup;
			children = (
				DC76B3FC1E97256400D0F3A7 /* main.m */,
			);
			name = "Supporting Files";
			sourceTree = "<group>";
		};
		DC76B4141E97256500D0F3A7 /* AXLaunchScreenKitTests */ = {
			isa = PBXGroup;
			children = (
				DC76B4151E97256500D0F3A7 /* AXLaunchScreenKitTests.m */,
				DC76B4171E97256500D0F3A7 /* Info.plist */,
			);
			path = AXLaunchScreenKitTests;
			sourceTree = "<group>";
		};
		DC76B41F1E97256500D0F3A7 /* AXLaunchScreenKitUITests */ = {
			isa = PBXGroup;
			children = (
				DC76B4201E97256500D0F3A7 /* AXLaunchScreenKitUITests.m */,
				DC76B4221E97256500D0F3A7 /* Info.plist */,
			);
			path = AXLaunchScreenKitUITests;
			sourceTree = "<group>";
		};
		DC76B42E1E97259700D0F3A7 /* Classes */ = {
			isa = PBXGroup;
			children = (
				DC76B42F1E97259700D0F3A7 /* AXLaunchScreenViewController.h */,
				DC76B4301E97259700D0F3A7 /* AXLaunchScreenViewController.m */,
			);
			path = Classes;
			sourceTree = "<group>";
		};
/* End PBXGroup section */

/* Begin PBXNativeTarget section */
		DC76B3F71E97256400D0F3A7 /* AXLaunchScreenKit */ = {
			isa = PBXNativeTarget;
			buildConfigurationList = DC76B4251E97256500D0F3A7 /* Build configuration list for PBXNativeTarget "AXLaunchScreenKit" */;
			buildPhases = (
				4858E816F164177D7C35E9CD /* [CP] Check Pods Manifest.lock */,
				DC76B3F41E97256400D0F3A7 /* Sources */,
				DC76B3F51E97256400D0F3A7 /* Frameworks */,
				DC76B3F61E97256400D0F3A7 /* Resources */,
				626F0A1F9FF05E0A403BF4E3 /* [CP] Embed Pods Frameworks */,
				7D23276B0A726AA8F1893E51 /* [CP] Copy Pods Resources */,
			);
			buildRules = (
			);
			dependencies = (
			);
			name = AXLaunchScreenKit;
			productName = AXLaunchScreenKit;
			productReference = DC76B3F81E97256400D0F3A7 /* AXLaunchScreenKit.app */;
			productType = "com.apple.product-type.application";
		};
		DC76B4101E97256500D0F3A7 /* AXLaunchScreenKitTests */ = {
			isa = PBXNativeTarget;
			buildConfigurationList = DC76B4281E97256500D0F3A7 /* Build configuration list for PBXNativeTarget "AXLaunchScreenKitTests" */;
			buildPhases = (
				DC76B40D1E97256500D0F3A7 /* Sources */,
				DC76B40E1E97256500D0F3A7 /* Frameworks */,
				DC76B40F1E97256500D0F3A7 /* Resources */,
			);
			buildRules = (
			);
			dependencies = (
				DC76B4131E97256500D0F3A7 /* PBXTargetDependency */,
			);
			name = AXLaunchScreenKitTests;
			productName = AXLaunchScreenKitTests;
			productReference = DC76B4111E97256500D0F3A7 /* AXLaunchScreenKitTests.xctest */;
			productType = "com.apple.product-type.bundle.unit-test";
		};
		DC76B41B1E97256500D0F3A7 /* AXLaunchScreenKitUITests */ = {
			isa = PBXNativeTarget;
			buildConfigurationList = DC76B42B1E97256500D0F3A7 /* Build configuration list for PBXNativeTarget "AXLaunchScreenKitUITests" */;
			buildPhases = (
				DC76B4181E97256500D0F3A7 /* Sources */,
				DC76B4191E97256500D0F3A7 /* Frameworks */,
				DC76B41A1E97256500D0F3A7 /* Resources */,
			);
			buildRules = (
			);
			dependencies = (
				DC76B41E1E97256500D0F3A7 /* PBXTargetDependency */,
			);
			name = AXLaunchScreenKitUITests;
			productName = AXLaunchScreenKitUITests;
			productReference = DC76B41C1E97256500D0F3A7 /* AXLaunchScreenKitUITests.xctest */;
			productType = "com.apple.product-type.bundle.ui-testing";
		};
/* End PBXNativeTarget section */

/* Begin PBXProject section */
		DC76B3F01E97256400D0F3A7 /* Project object */ = {
			isa = PBXProject;
			attributes = {
				LastUpgradeCheck = 0830;
				ORGANIZATIONNAME = devedbox;
				TargetAttributes = {
					DC76B3F71E97256400D0F3A7 = {
						CreatedOnToolsVersion = 8.3;
						DevelopmentTeam = TKA48YVS5T;
						ProvisioningStyle = Automatic;
					};
					DC76B4101E97256500D0F3A7 = {
						CreatedOnToolsVersion = 8.3;
						DevelopmentTeam = TKA48YVS5T;
						ProvisioningStyle = Automatic;
						TestTargetID = DC76B3F71E97256400D0F3A7;
					};
					DC76B41B1E97256500D0F3A7 = {
						CreatedOnToolsVersion = 8.3;
						DevelopmentTeam = TKA48YVS5T;
						ProvisioningStyle = Automatic;
						TestTargetID = DC76B3F71E97256400D0F3A7;
					};
				};
			};
			buildConfigurationList = DC76B3F31E97256400D0F3A7 /* Build configuration list for PBXProject "AXLaunchScreenKit" */;
			compatibilityVersion = "Xcode 3.2";
			developmentRegion = English;
			hasScannedForEncodings = 0;
			knownRegions = (
				en,
				Base,
			);
			mainGroup = DC76B3EF1E97256400D0F3A7;
			productRefGroup = DC76B3F91E97256400D0F3A7 /* Products */;
			projectDirPath = "";
			projectRoot = "";
			targets = (
				DC76B3F71E97256400D0F3A7 /* AXLaunchScreenKit */,
				DC76B4101E97256500D0F3A7 /* AXLaunchScreenKitTests */,
				DC76B41B1E97256500D0F3A7 /* AXLaunchScreenKitUITests */,
			);
		};
/* End PBXProject section */

/* Begin PBXResourcesBuildPhase section */
		DC76B3F61E97256400D0F3A7 /* Resources */ = {
			isa = PBXResourcesBuildPhase;
			buildActionMask = 2147483647;
			files = (
				DC76B40B1E97256400D0F3A7 /* LaunchScreen.storyboard in Resources */,
				DC76B4081E97256400D0F3A7 /* Assets.xcassets in Resources */,
				DC76B4061E97256400D0F3A7 /* Main.storyboard in Resources */,
			);
			runOnlyForDeploymentPostprocessing = 0;
		};
		DC76B40F1E97256500D0F3A7 /* Resources */ = {
			isa = PBXResourcesBuildPhase;
			buildActionMask = 2147483647;
			files = (
			);
			runOnlyForDeploymentPostprocessing = 0;
		};
		DC76B41A1E97256500D0F3A7 /* Resources */ = {
			isa = PBXResourcesBuildPhase;
			buildActionMask = 2147483647;
			files = (
			);
			runOnlyForDeploymentPostprocessing = 0;
		};
/* End PBXResourcesBuildPhase section */

/* Begin PBXShellScriptBuildPhase section */
		4858E816F164177D7C35E9CD /* [CP] Check Pods Manifest.lock */ = {
			isa = PBXShellScriptBuildPhase;
			buildActionMask = 2147483647;
			files = (
			);
			inputPaths = (
			);
			name = "[CP] Check Pods Manifest.lock";
			outputPaths = (
			);
			runOnlyForDeploymentPostprocessing = 0;
			shellPath = /bin/sh;
			shellScript = "diff \"${PODS_ROOT}/../Podfile.lock\" \"${PODS_ROOT}/Manifest.lock\" > /dev/null\nif [ $? != 0 ] ; then\n    # print error to STDERR\n    echo \"error: The sandbox is not in sync with the Podfile.lock. Run 'pod install' or update your CocoaPods installation.\" >&2\n    exit 1\nfi\n";
			showEnvVarsInLog = 0;
		};
		626F0A1F9FF05E0A403BF4E3 /* [CP] Embed Pods Frameworks */ = {
			isa = PBXShellScriptBuildPhase;
			buildActionMask = 2147483647;
			files = (
			);
			inputPaths = (
			);
			name = "[CP] Embed Pods Frameworks";
			outputPaths = (
			);
			runOnlyForDeploymentPostprocessing = 0;
			shellPath = /bin/sh;
			shellScript = "\"${SRCROOT}/Pods/Target Support Files/Pods-AXLaunchScreenKit/Pods-AXLaunchScreenKit-frameworks.sh\"\n";
			showEnvVarsInLog = 0;
		};
		7D23276B0A726AA8F1893E51 /* [CP] Copy Pods Resources */ = {
			isa = PBXShellScriptBuildPhase;
			buildActionMask = 2147483647;
			files = (
			);
			inputPaths = (
			);
			name = "[CP] Copy Pods Resources";
			outputPaths = (
			);
			runOnlyForDeploymentPostprocessing = 0;
			shellPath = /bin/sh;
			shellScript = "\"${SRCROOT}/Pods/Target Support Files/Pods-AXLaunchScreenKit/Pods-AXLaunchScreenKit-resources.sh\"\n";
			showEnvVarsInLog = 0;
		};
/* End PBXShellScriptBuildPhase section */

/* Begin PBXSourcesBuildPhase section */
		DC76B3F41E97256400D0F3A7 /* Sources */ = {
			isa = PBXSourcesBuildPhase;
			buildActionMask = 2147483647;
			files = (
				DC76B4311E97259700D0F3A7 /* AXLaunchScreenViewController.m in Sources */,
				DC76B4031E97256400D0F3A7 /* ViewController.m in Sources */,
				DC76B4001E97256400D0F3A7 /* AppDelegate.m in Sources */,
				DC76B3FD1E97256400D0F3A7 /* main.m in Sources */,
			);
			runOnlyForDeploymentPostprocessing = 0;
		};
		DC76B40D1E97256500D0F3A7 /* Sources */ = {
			isa = PBXSourcesBuildPhase;
			buildActionMask = 2147483647;
			files = (
				DC76B4161E97256500D0F3A7 /* AXLaunchScreenKitTests.m in Sources */,
			);
			runOnlyForDeploymentPostprocessing = 0;
		};
		DC76B4181E97256500D0F3A7 /* Sources */ = {
			isa = PBXSourcesBuildPhase;
			buildActionMask = 2147483647;
			files = (
				DC76B4211E97256500D0F3A7 /* AXLaunchScreenKitUITests.m in Sources */,
			);
			runOnlyForDeploymentPostprocessing = 0;
		};
/* End PBXSourcesBuildPhase section */

/* Begin PBXTargetDependency section */
		DC76B4131E97256500D0F3A7 /* PBXTargetDependency */ = {
			isa = PBXTargetDependency;
			target = DC76B3F71E97256400D0F3A7 /* AXLaunchScreenKit */;
			targetProxy = DC76B4121E97256500D0F3A7 /* PBXContainerItemProxy */;
		};
		DC76B41E1E97256500D0F3A7 /* PBXTargetDependency */ = {
			isa = PBXTargetDependency;
			target = DC76B3F71E97256400D0F3A7 /* AXLaunchScreenKit */;
			targetProxy = DC76B41D1E97256500D0F3A7 /* PBXContainerItemProxy */;
		};
/* End PBXTargetDependency section */

/* Begin PBXVariantGroup section */
		DC76B4041E97256400D0F3A7 /* Main.storyboard */ = {
			isa = PBXVariantGroup;
			children = (
				DC76B4051E97256400D0F3A7 /* Base */,
			);
			name = Main.storyboard;
			sourceTree = "<group>";
		};
		DC76B4091E97256400D0F3A7 /* LaunchScreen.storyboard */ = {
			isa = PBXVariantGroup;
			children = (
				DC76B40A1E97256400D0F3A7 /* Base */,
			);
			name = LaunchScreen.storyboard;
			sourceTree = "<group>";
		};
/* End PBXVariantGroup section */

/* Begin XCBuildConfiguration section */
		DC76B4231E97256500D0F3A7 /* Debug */ = {
			isa = XCBuildConfiguration;
			buildSettings = {
				ALWAYS_SEARCH_USER_PATHS = NO;
				CLANG_ANALYZER_NONNULL = YES;
				CLANG_ANALYZER_NUMBER_OBJECT_CONVERSION = YES_AGGRESSIVE;
				CLANG_CXX_LANGUAGE_STANDARD = "gnu++0x";
				CLANG_CXX_LIBRARY = "libc++";
				CLANG_ENABLE_MODULES = YES;
				CLANG_ENABLE_OBJC_ARC = YES;
				CLANG_WARN_BOOL_CONVERSION = YES;
				CLANG_WARN_CONSTANT_CONVERSION = YES;
				CLANG_WARN_DIRECT_OBJC_ISA_USAGE = YES_ERROR;
				CLANG_WARN_DOCUMENTATION_COMMENTS = YES;
				CLANG_WARN_EMPTY_BODY = YES;
				CLANG_WARN_ENUM_CONVERSION = YES;
				CLANG_WARN_INFINITE_RECURSION = YES;
				CLANG_WARN_INT_CONVERSION = YES;
				CLANG_WARN_OBJC_ROOT_CLASS = YES_ERROR;
				CLANG_WARN_SUSPICIOUS_MOVE = YES;
				CLANG_WARN_UNREACHABLE_CODE = YES;
				CLANG_WARN__DUPLICATE_METHOD_MATCH = YES;
				"CODE_SIGN_IDENTITY[sdk=iphoneos*]" = "iPhone Developer";
				COPY_PHASE_STRIP = NO;
				DEBUG_INFORMATION_FORMAT = dwarf;
				ENABLE_STRICT_OBJC_MSGSEND = YES;
				ENABLE_TESTABILITY = YES;
				GCC_C_LANGUAGE_STANDARD = gnu99;
				GCC_DYNAMIC_NO_PIC = NO;
				GCC_NO_COMMON_BLOCKS = YES;
				GCC_OPTIMIZATION_LEVEL = 0;
				GCC_PREPROCESSOR_DEFINITIONS = (
					"DEBUG=1",
					"$(inherited)",
				);
				GCC_WARN_64_TO_32_BIT_CONVERSION = YES;
				GCC_WARN_ABOUT_RETURN_TYPE = YES_ERROR;
				GCC_WARN_UNDECLARED_SELECTOR = YES;
				GCC_WARN_UNINITIALIZED_AUTOS = YES_AGGRESSIVE;
				GCC_WARN_UNUSED_FUNCTION = YES;
				GCC_WARN_UNUSED_VARIABLE = YES;
				IPHONEOS_DEPLOYMENT_TARGET = 10.3;
				MTL_ENABLE_DEBUG_INFO = YES;
				ONLY_ACTIVE_ARCH = YES;
				SDKROOT = iphoneos;
			};
			name = Debug;
		};
		DC76B4241E97256500D0F3A7 /* Release */ = {
			isa = XCBuildConfiguration;
			buildSettings = {
				ALWAYS_SEARCH_USER_PATHS = NO;
				CLANG_ANALYZER_NONNULL = YES;
				CLANG_ANALYZER_NUMBER_OBJECT_CONVERSION = YES_AGGRESSIVE;
				CLANG_CXX_LANGUAGE_STANDARD = "gnu++0x";
				CLANG_CXX_LIBRARY = "libc++";
				CLANG_ENABLE_MODULES = YES;
				CLANG_ENABLE_OBJC_ARC = YES;
				CLANG_WARN_BOOL_CONVERSION = YES;
				CLANG_WARN_CONSTANT_CONVERSION = YES;
				CLANG_WARN_DIRECT_OBJC_ISA_USAGE = YES_ERROR;
				CLANG_WARN_DOCUMENTATION_COMMENTS = YES;
				CLANG_WARN_EMPTY_BODY = YES;
				CLANG_WARN_ENUM_CONVERSION = YES;
				CLANG_WARN_INFINITE_RECURSION = YES;
				CLANG_WARN_INT_CONVERSION = YES;
				CLANG_WARN_OBJC_ROOT_CLASS = YES_ERROR;
				CLANG_WARN_SUSPICIOUS_MOVE = YES;
				CLANG_WARN_UNREACHABLE_CODE = YES;
				CLANG_WARN__DUPLICATE_METHOD_MATCH = YES;
				"CODE_SIGN_IDENTITY[sdk=iphoneos*]" = "iPhone Developer";
				COPY_PHASE_STRIP = NO;
				DEBUG_INFORMATION_FORMAT = "dwarf-with-dsym";
				ENABLE_NS_ASSERTIONS = NO;
				ENABLE_STRICT_OBJC_MSGSEND = YES;
				GCC_C_LANGUAGE_STANDARD = gnu99;
				GCC_NO_COMMON_BLOCKS = YES;
				GCC_WARN_64_TO_32_BIT_CONVERSION = YES;
				GCC_WARN_ABOUT_RETURN_TYPE = YES_ERROR;
				GCC_WARN_UNDECLARED_SELECTOR = YES;
				GCC_WARN_UNINITIALIZED_AUTOS = YES_AGGRESSIVE;
				GCC_WARN_UNUSED_FUNCTION = YES;
				GCC_WARN_UNUSED_VARIABLE = YES;
				IPHONEOS_DEPLOYMENT_TARGET = 10.3;
				MTL_ENABLE_DEBUG_INFO = NO;
				SDKROOT = iphoneos;
				VALIDATE_PRODUCT = YES;
			};
			name = Release;
		};
		DC76B4261E97256500D0F3A7 /* Debug */ = {
			isa = XCBuildConfiguration;
			baseConfigurationReference = 7A1FD10CD5F7583194C35B99 /* Pods-AXLaunchScreenKit.debug.xcconfig */;
			buildSettings = {
				ASSETCATALOG_COMPILER_APPICON_NAME = AppIcon;
				DEVELOPMENT_TEAM = TKA48YVS5T;
				INFOPLIST_FILE = AXLaunchScreenKit/Info.plist;
				LD_RUNPATH_SEARCH_PATHS = "$(inherited) @executable_path/Frameworks";
				PRODUCT_BUNDLE_IDENTIFIER = devedbox.AXLaunchScreenKit;
				PRODUCT_NAME = "$(TARGET_NAME)";
			};
			name = Debug;
		};
		DC76B4271E97256500D0F3A7 /* Release */ = {
			isa = XCBuildConfiguration;
			baseConfigurationReference = 59D3FF190A03B3E1655C9A93 /* Pods-AXLaunchScreenKit.release.xcconfig */;
			buildSettings = {
				ASSETCATALOG_COMPILER_APPICON_NAME = AppIcon;
				DEVELOPMENT_TEAM = TKA48YVS5T;
				INFOPLIST_FILE = AXLaunchScreenKit/Info.plist;
				LD_RUNPATH_SEARCH_PATHS = "$(inherited) @executable_path/Frameworks";
				PRODUCT_BUNDLE_IDENTIFIER = devedbox.AXLaunchScreenKit;
				PRODUCT_NAME = "$(TARGET_NAME)";
			};
			name = Release;
		};
		DC76B4291E97256500D0F3A7 /* Debug */ = {
			isa = XCBuildConfiguration;
			buildSettings = {
				BUNDLE_LOADER = "$(TEST_HOST)";
				DEVELOPMENT_TEAM = TKA48YVS5T;
				INFOPLIST_FILE = AXLaunchScreenKitTests/Info.plist;
				LD_RUNPATH_SEARCH_PATHS = "$(inherited) @executable_path/Frameworks @loader_path/Frameworks";
				PRODUCT_BUNDLE_IDENTIFIER = devedbox.AXLaunchScreenKitTests;
				PRODUCT_NAME = "$(TARGET_NAME)";
				TEST_HOST = "$(BUILT_PRODUCTS_DIR)/AXLaunchScreenKit.app/AXLaunchScreenKit";
			};
			name = Debug;
		};
		DC76B42A1E97256500D0F3A7 /* Release */ = {
			isa = XCBuildConfiguration;
			buildSettings = {
				BUNDLE_LOADER = "$(TEST_HOST)";
				DEVELOPMENT_TEAM = TKA48YVS5T;
				INFOPLIST_FILE = AXLaunchScreenKitTests/Info.plist;
				LD_RUNPATH_SEARCH_PATHS = "$(inherited) @executable_path/Frameworks @loader_path/Frameworks";
				PRODUCT_BUNDLE_IDENTIFIER = devedbox.AXLaunchScreenKitTests;
				PRODUCT_NAME = "$(TARGET_NAME)";
				TEST_HOST = "$(BUILT_PRODUCTS_DIR)/AXLaunchScreenKit.app/AXLaunchScreenKit";
			};
			name = Release;
		};
		DC76B42C1E97256500D0F3A7 /* Debug */ = {
			isa = XCBuildConfiguration;
			buildSettings = {
				DEVELOPMENT_TEAM = TKA48YVS5T;
				INFOPLIST_FILE = AXLaunchScreenKitUITests/Info.plist;
				LD_RUNPATH_SEARCH_PATHS = "$(inherited) @executable_path/Frameworks @loader_path/Frameworks";
				PRODUCT_BUNDLE_IDENTIFIER = devedbox.AXLaunchScreenKitUITests;
				PRODUCT_NAME = "$(TARGET_NAME)";
				TEST_TARGET_NAME = AXLaunchScreenKit;
			};
			name = Debug;
		};
		DC76B42D1E97256500D0F3A7 /* Release */ = {
			isa = XCBuildConfiguration;
			buildSettings = {
				DEVELOPMENT_TEAM = TKA48YVS5T;
				INFOPLIST_FILE = AXLaunchScreenKitUITests/Info.plist;
				LD_RUNPATH_SEARCH_PATHS = "$(inherited) @executable_path/Frameworks @loader_path/Frameworks";
				PRODUCT_BUNDLE_IDENTIFIER = devedbox.AXLaunchScreenKitUITests;
				PRODUCT_NAME = "$(TARGET_NAME)";
				TEST_TARGET_NAME = AXLaunchScreenKit;
			};
			name = Release;
		};
/* End XCBuildConfiguration section */

/* Begin XCConfigurationList section */
		DC76B3F31E97256400D0F3A7 /* Build configuration list for PBXProject "AXLaunchScreenKit" */ = {
			isa = XCConfigurationList;
			buildConfigurations = (
				DC76B4231E97256500D0F3A7 /* Debug */,
				DC76B4241E97256500D0F3A7 /* Release */,
			);
			defaultConfigurationIsVisible = 0;
			defaultConfigurationName = Release;
		};
		DC76B4251E97256500D0F3A7 /* Build configuration list for PBXNativeTarget "AXLaunchScreenKit" */ = {
			isa = XCConfigurationList;
			buildConfigurations = (
				DC76B4261E97256500D0F3A7 /* Debug */,
				DC76B4271E97256500D0F3A7 /* Release */,
			);
			defaultConfigurationIsVisible = 0;
			defaultConfigurationName = Release;
		};
		DC76B4281E97256500D0F3A7 /* Build configuration list for PBXNativeTarget "AXLaunchScreenKitTests" */ = {
			isa = XCConfigurationList;
			buildConfigurations = (
				DC76B4291E97256500D0F3A7 /* Debug */,
				DC76B42A1E97256500D0F3A7 /* Release */,
			);
			defaultConfigurationIsVisible = 0;
			defaultConfigurationName = Release;
		};
		DC76B42B1E97256500D0F3A7 /* Build configuration list for PBXNativeTarget "AXLaunchScreenKitUITests" */ = {
			isa = XCConfigurationList;
			buildConfigurations = (
				DC76B42C1E97256500D0F3A7 /* Debug */,
				DC76B42D1E97256500D0F3A7 /* Release */,
			);
			defaultConfigurationIsVisible = 0;
			defaultConfigurationName = Release;
		};
/* End XCConfigurationList section */
	};
	rootObject = DC76B3F01E97256400D0F3A7 /* Project object */;
}
